
Microsoft Visual Studio Solution File, Format Version 12.00
# Visual Studio Version 17
VisualStudioVersion = 17.10.35013.160
MinimumVisualStudioVersion = 10.0.40219.1
Project("{FAE04EC0-301F-11D3-BF4B-00C04F79EFBC}") = "19-06", "19-06.csproj", "{E2A6BCAF-B35E-4A29-88C0-ACE2CF547B75}"
EndProject
Global
	GlobalSection(SolutionConfigurationPlatforms) = preSolution
		Debug|Any CPU = Debug|Any CPU
		Release|Any CPU = Release|Any CPU
	EndGlobalSection
	GlobalSection(ProjectConfigurationPlatforms) = postSolution
		{E2A6BCAF-B35E-4A29-88C0-ACE2CF547B75}.Debug|Any CPU.ActiveCfg = Debug|Any CPU
		{E2A6BCAF-B35E-4A29-88C0-ACE2CF547B75}.Debug|Any CPU.Build.0 = Debug|Any CPU
		{E2A6BCAF-B35E-4A29-88C0-ACE2CF547B75}.Release|Any CPU.ActiveCfg = Release|Any CPU
		{E2A6BCAF-B35E-4A29-88C0-ACE2CF547B75}.Release|Any CPU.Build.0 = Release|Any CPU
	EndGlobalSection
	GlobalSection(SolutionProperties) = preSolution
		HideSolutionNode = FALSE
	EndGlobalSection
	GlobalSection(ExtensibilityGlobals) = postSolution
		SolutionGuid = {7D882B91-F5FD-4843-8AF4-BD6D66BB39D7}
	EndGlobalSection
EndGlobal
